// !$*UTF8*$!
{
	archiveVersion = 1;
	classes = {
	};
	objectVersion = 50;
	objects = {

/* Begin PBXBuildFile section */
		41B5AAEE22DB8BB400347CC8 /* interface.cpp in Sources */ = {isa = PBXBuildFile; fileRef = 41B5AAEC22DB8BB300347CC8 /* interface.cpp */; };
		41B5AAEF22DB8BB400347CC8 /* interface.cpp in Sources */ = {isa = PBXBuildFile; fileRef = 41B5AAEC22DB8BB300347CC8 /* interface.cpp */; };
		AA012114224C24D4000F4F82 /* wxmac.icns in Resources */ = {isa = PBXBuildFile; fileRef = AA012113224C24D4000F4F82 /* wxmac.icns */; };
		AA012115224C24D4000F4F82 /* wxmac.icns in Resources */ = {isa = PBXBuildFile; fileRef = AA012113224C24D4000F4F82 /* wxmac.icns */; };
		AA14A0EE222A1217002C4553 /* libwx_osx_cocoa.dylib in Embed Libraries */ = {isa = PBXBuildFile; fileRef = AA1D0F81222A0A1D00678304 /* libwx_osx_cocoa.dylib */; settings = {ATTRIBUTES = (CodeSignOnCopy, ); }; };
		AA14A0F3222A1219002C4553 /* libwx_osx_cocoa.dylib in Frameworks */ = {isa = PBXBuildFile; fileRef = AA1D0F81222A0A1D00678304 /* libwx_osx_cocoa.dylib */; };
		AA56E9702321F67C002BB5E1 /* globals.cpp in Sources */ = {isa = PBXBuildFile; fileRef = AA56E96F2321F67C002BB5E1 /* globals.cpp */; };
		AA56E98A2321F67E002BB5E1 /* globals.cpp in Sources */ = {isa = PBXBuildFile; fileRef = AA56E96F2321F67C002BB5E1 /* globals.cpp */; };
		AA9F4B912321BEE900FF2E24 /* interface_derived.cpp in Sources */ = {isa = PBXBuildFile; fileRef = AA9F4B8F2321BEE900FF2E24 /* interface_derived.cpp */; };
		AA9F4B922321BEE900FF2E24 /* interface_derived.cpp in Sources */ = {isa = PBXBuildFile; fileRef = AA9F4B8F2321BEE900FF2E24 /* interface_derived.cpp */; };
		AAA0F59B23667BCA00B8E4A7 /* open_with_dlg.cpp in Sources */ = {isa = PBXBuildFile; fileRef = AAA0F59A23667BCA00B8E4A7 /* open_with_dlg.cpp */; };
		AAA0F59C23667BCA00B8E4A7 /* open_with_dlg.cpp in Sources */ = {isa = PBXBuildFile; fileRef = AAA0F59A23667BCA00B8E4A7 /* open_with_dlg.cpp */; };
		AAB4B99F23233EB5007D21F9 /* create_dialog_derived.cpp in Sources */ = {isa = PBXBuildFile; fileRef = AAB4B99E23233EB5007D21F9 /* create_dialog_derived.cpp */; };
		AAB4B9A023233EB5007D21F9 /* create_dialog_derived.cpp in Sources */ = {isa = PBXBuildFile; fileRef = AAB4B99E23233EB5007D21F9 /* create_dialog_derived.cpp */; };
		AAD015C0222B2FE300E25CB7 /* main.cpp in Sources */ = {isa = PBXBuildFile; fileRef = AAF9D87B222B14E900437548 /* main.cpp */; };
		AAD015CF222B328200E25CB7 /* libwx_osx_cocoa_static.a in Frameworks */ = {isa = PBXBuildFile; fileRef = AA1D0F83222A0A1D00678304 /* libwx_osx_cocoa_static.a */; };
		AADF6A25222B359700991DD2 /* CoreFoundation.framework in Frameworks */ = {isa = PBXBuildFile; fileRef = AADF6A0B222B359700991DD2 /* CoreFoundation.framework */; };
		AADF6A27222B35B300991DD2 /* CoreGraphics.framework in Frameworks */ = {isa = PBXBuildFile; fileRef = AADF6A26222B35B300991DD2 /* CoreGraphics.framework */; };
		AADF6A29222B35DA00991DD2 /* ImageIO.framework in Frameworks */ = {isa = PBXBuildFile; fileRef = AADF6A28222B35DA00991DD2 /* ImageIO.framework */; };
		AADF6A2B222B35E200991DD2 /* CoreText.framework in Frameworks */ = {isa = PBXBuildFile; fileRef = AADF6A2A222B35E200991DD2 /* CoreText.framework */; };
		AADF6A2D222B35E800991DD2 /* Carbon.framework in Frameworks */ = {isa = PBXBuildFile; fileRef = AADF6A2C222B35E800991DD2 /* Carbon.framework */; };
		AADF6A2F222B360200991DD2 /* IOKit.framework in Frameworks */ = {isa = PBXBuildFile; fileRef = AADF6A2E222B360200991DD2 /* IOKit.framework */; };
		AADF6A31222B360700991DD2 /* AppKit.framework in Frameworks */ = {isa = PBXBuildFile; fileRef = AADF6A30222B360700991DD2 /* AppKit.framework */; };
		AADF6A33222B360C00991DD2 /* Foundation.framework in Frameworks */ = {isa = PBXBuildFile; fileRef = AADF6A32222B360C00991DD2 /* Foundation.framework */; };
		AAF9D87D222B14E900437548 /* main.cpp in Sources */ = {isa = PBXBuildFile; fileRef = AAF9D87B222B14E900437548 /* main.cpp */; };
/* End PBXBuildFile section */

/* Begin PBXContainerItemProxy section */
		AA14A0EF222A1217002C4553 /* PBXContainerItemProxy */ = {
			isa = PBXContainerItemProxy;
			containerPortal = AA1D0F63222A0A1D00678304 /* wxcocoa.xcodeproj */;
			proxyType = 1;
			remoteGlobalIDString = 363401F972C53D8EBD3D4BD9;
			remoteInfo = dynamic;
		};
		AA1D0F80222A0A1D00678304 /* PBXContainerItemProxy */ = {
			isa = PBXContainerItemProxy;
			containerPortal = AA1D0F63222A0A1D00678304 /* wxcocoa.xcodeproj */;
			proxyType = 2;
			remoteGlobalIDString = 65C47DFD6E243724A83603F3;
			remoteInfo = dynamic;
		};
		AA1D0F82222A0A1D00678304 /* PBXContainerItemProxy */ = {
			isa = PBXContainerItemProxy;
			containerPortal = AA1D0F63222A0A1D00678304 /* wxcocoa.xcodeproj */;
			proxyType = 2;
			remoteGlobalIDString = 1D025E39C79E3E119D19686C;
			remoteInfo = static;
		};
		AA1D0F84222A0A1D00678304 /* PBXContainerItemProxy */ = {
			isa = PBXContainerItemProxy;
			containerPortal = AA1D0F63222A0A1D00678304 /* wxcocoa.xcodeproj */;
			proxyType = 2;
			remoteGlobalIDString = EBAFC67A0C213E83BC2E072C;
			remoteInfo = adv;
		};
		AA1D0F86222A0A1D00678304 /* PBXContainerItemProxy */ = {
			isa = PBXContainerItemProxy;
			containerPortal = AA1D0F63222A0A1D00678304 /* wxcocoa.xcodeproj */;
			proxyType = 2;
			remoteGlobalIDString = 81122210DB7A350983E32AEC;
			remoteInfo = aui;
		};
		AA1D0F88222A0A1D00678304 /* PBXContainerItemProxy */ = {
			isa = PBXContainerItemProxy;
			containerPortal = AA1D0F63222A0A1D00678304 /* wxcocoa.xcodeproj */;
			proxyType = 2;
			remoteGlobalIDString = 7FDC84691ED63A1282591A89;
			remoteInfo = base;
		};
		AA1D0F8A222A0A1D00678304 /* PBXContainerItemProxy */ = {
			isa = PBXContainerItemProxy;
			containerPortal = AA1D0F63222A0A1D00678304 /* wxcocoa.xcodeproj */;
			proxyType = 2;
			remoteGlobalIDString = D1AA14D7251A30ACB5E66678;
			remoteInfo = core;
		};
		AA1D0F8C222A0A1D00678304 /* PBXContainerItemProxy */ = {
			isa = PBXContainerItemProxy;
			containerPortal = AA1D0F63222A0A1D00678304 /* wxcocoa.xcodeproj */;
			proxyType = 2;
			remoteGlobalIDString = F2153BF3F4EC31D29311D5C1;
			remoteInfo = gl;
		};
		AA1D0F8E222A0A1D00678304 /* PBXContainerItemProxy */ = {
			isa = PBXContainerItemProxy;
			containerPortal = AA1D0F63222A0A1D00678304 /* wxcocoa.xcodeproj */;
			proxyType = 2;
			remoteGlobalIDString = D9F65758E0363AF9AEC59A47;
			remoteInfo = html;
		};
		AA1D0F90222A0A1D00678304 /* PBXContainerItemProxy */ = {
			isa = PBXContainerItemProxy;
			containerPortal = AA1D0F63222A0A1D00678304 /* wxcocoa.xcodeproj */;
			proxyType = 2;
			remoteGlobalIDString = F3680FF98D7B3C73BACA0455;
			remoteInfo = media;
		};
		AA1D0F92222A0A1D00678304 /* PBXContainerItemProxy */ = {
			isa = PBXContainerItemProxy;
			containerPortal = AA1D0F63222A0A1D00678304 /* wxcocoa.xcodeproj */;
			proxyType = 2;
			remoteGlobalIDString = 966AA1B230CA3EFCB1260D80;
			remoteInfo = net;
		};
		AA1D0F94222A0A1D00678304 /* PBXContainerItemProxy */ = {
			isa = PBXContainerItemProxy;
			containerPortal = AA1D0F63222A0A1D00678304 /* wxcocoa.xcodeproj */;
			proxyType = 2;
			remoteGlobalIDString = B6ED047C60AA3CB48A74FBCA;
			remoteInfo = propgrid;
		};
		AA1D0F96222A0A1D00678304 /* PBXContainerItemProxy */ = {
			isa = PBXContainerItemProxy;
			containerPortal = AA1D0F63222A0A1D00678304 /* wxcocoa.xcodeproj */;
			proxyType = 2;
			remoteGlobalIDString = C7250869AA793A8B8E19638C;
			remoteInfo = qa;
		};
		AA1D0F98222A0A1D00678304 /* PBXContainerItemProxy */ = {
			isa = PBXContainerItemProxy;
			containerPortal = AA1D0F63222A0A1D00678304 /* wxcocoa.xcodeproj */;
			proxyType = 2;
			remoteGlobalIDString = 5087B8648AF03FE99D97D14F;
			remoteInfo = ribbon;
		};
		AA1D0F9A222A0A1D00678304 /* PBXContainerItemProxy */ = {
			isa = PBXContainerItemProxy;
			containerPortal = AA1D0F63222A0A1D00678304 /* wxcocoa.xcodeproj */;
			proxyType = 2;
			remoteGlobalIDString = C5DCF113E8AD37D8BA26E8BB;
			remoteInfo = richtext;
		};
		AA1D0F9C222A0A1D00678304 /* PBXContainerItemProxy */ = {
			isa = PBXContainerItemProxy;
			containerPortal = AA1D0F63222A0A1D00678304 /* wxcocoa.xcodeproj */;
			proxyType = 2;
			remoteGlobalIDString = 22636000460133C8B517AA95;
			remoteInfo = stc;
		};
		AA1D0F9E222A0A1D00678304 /* PBXContainerItemProxy */ = {
			isa = PBXContainerItemProxy;
			containerPortal = AA1D0F63222A0A1D00678304 /* wxcocoa.xcodeproj */;
			proxyType = 2;
			remoteGlobalIDString = AFA1A09CC0ED31A7B5285AEC;
			remoteInfo = webview;
		};
		AA1D0FA0222A0A1D00678304 /* PBXContainerItemProxy */ = {
			isa = PBXContainerItemProxy;
			containerPortal = AA1D0F63222A0A1D00678304 /* wxcocoa.xcodeproj */;
			proxyType = 2;
			remoteGlobalIDString = 1FE40C0874B83EE2BC981A1C;
			remoteInfo = wxexpat;
		};
		AA1D0FA2222A0A1D00678304 /* PBXContainerItemProxy */ = {
			isa = PBXContainerItemProxy;
			containerPortal = AA1D0F63222A0A1D00678304 /* wxcocoa.xcodeproj */;
			proxyType = 2;
			remoteGlobalIDString = BE22393DB53C3D259DFCEE64;
			remoteInfo = wxjpeg;
		};
		AA1D0FA4222A0A1D00678304 /* PBXContainerItemProxy */ = {
			isa = PBXContainerItemProxy;
			containerPortal = AA1D0F63222A0A1D00678304 /* wxcocoa.xcodeproj */;
			proxyType = 2;
			remoteGlobalIDString = D78E858CE339374FAC0B1401;
			remoteInfo = wxpng;
		};
		AA1D0FA6222A0A1D00678304 /* PBXContainerItemProxy */ = {
			isa = PBXContainerItemProxy;
			containerPortal = AA1D0F63222A0A1D00678304 /* wxcocoa.xcodeproj */;
			proxyType = 2;
			remoteGlobalIDString = 9AD4A752750F3200A6C3BE59;
			remoteInfo = wxregex;
		};
		AA1D0FA8222A0A1D00678304 /* PBXContainerItemProxy */ = {
			isa = PBXContainerItemProxy;
			containerPortal = AA1D0F63222A0A1D00678304 /* wxcocoa.xcodeproj */;
			proxyType = 2;
			remoteGlobalIDString = 678A2947139C36ED8845FA97;
			remoteInfo = wxscintilla;
		};
		AA1D0FAA222A0A1D00678304 /* PBXContainerItemProxy */ = {
			isa = PBXContainerItemProxy;
			containerPortal = AA1D0F63222A0A1D00678304 /* wxcocoa.xcodeproj */;
			proxyType = 2;
			remoteGlobalIDString = A06507F3AA1A32C0AE14AC26;
			remoteInfo = wxtiff;
		};
		AA1D0FAC222A0A1D00678304 /* PBXContainerItemProxy */ = {
			isa = PBXContainerItemProxy;
			containerPortal = AA1D0F63222A0A1D00678304 /* wxcocoa.xcodeproj */;
			proxyType = 2;
			remoteGlobalIDString = FB355C2107A835E5B8F15C29;
			remoteInfo = wxzlib;
		};
		AA1D0FAE222A0A1D00678304 /* PBXContainerItemProxy */ = {
			isa = PBXContainerItemProxy;
			containerPortal = AA1D0F63222A0A1D00678304 /* wxcocoa.xcodeproj */;
			proxyType = 2;
			remoteGlobalIDString = 7C6CC76872BA32D2B61EB8AB;
			remoteInfo = xml;
		};
		AA1D0FB0222A0A1D00678304 /* PBXContainerItemProxy */ = {
			isa = PBXContainerItemProxy;
			containerPortal = AA1D0F63222A0A1D00678304 /* wxcocoa.xcodeproj */;
			proxyType = 2;
			remoteGlobalIDString = 604D9B79D41F32339AEC0EA0;
			remoteInfo = xrc;
		};
/* End PBXContainerItemProxy section */

/* Begin PBXCopyFilesBuildPhase section */
		AA14A0F1222A1217002C4553 /* Embed Libraries */ = {
			isa = PBXCopyFilesBuildPhase;
			buildActionMask = 2147483647;
			dstPath = "";
			dstSubfolderSpec = 10;
			files = (
				AA14A0EE222A1217002C4553 /* libwx_osx_cocoa.dylib in Embed Libraries */,
			);
			name = "Embed Libraries";
			runOnlyForDeploymentPostprocessing = 0;
		};
/* End PBXCopyFilesBuildPhase section */

/* Begin PBXFileReference section */
		41B5AAEC22DB8BB300347CC8 /* interface.cpp */ = {isa = PBXFileReference; lastKnownFileType = sourcecode.cpp.cpp; path = interface.cpp; sourceTree = "<group>"; };
		41B5AAED22DB8BB400347CC8 /* interface.h */ = {isa = PBXFileReference; lastKnownFileType = sourcecode.c.h; path = interface.h; sourceTree = "<group>"; };
		AA012113224C24D4000F4F82 /* wxmac.icns */ = {isa = PBXFileReference; lastKnownFileType = image.icns; path = wxmac.icns; sourceTree = "<group>"; };
		AA1D0F4E222A09A600678304 /* Unity Hub Native (Dynamic).app */ = {isa = PBXFileReference; explicitFileType = wrapper.application; includeInIndex = 0; path = "Unity Hub Native (Dynamic).app"; sourceTree = BUILT_PRODUCTS_DIR; };
		AA1D0F63222A0A1D00678304 /* wxcocoa.xcodeproj */ = {isa = PBXFileReference; lastKnownFileType = "wrapper.pb-project"; name = wxcocoa.xcodeproj; path = wxWidgets/build/osx/wxcocoa.xcodeproj; sourceTree = SOURCE_ROOT; };
		AA1D0FC9222A0A4A00678304 /* wxrelease.xcconfig */ = {isa = PBXFileReference; fileEncoding = 4; lastKnownFileType = text.xcconfig; name = wxrelease.xcconfig; path = wxWidgets/build/osx/wxrelease.xcconfig; sourceTree = SOURCE_ROOT; };
		AA1D0FCA222A0A4B00678304 /* wxcocoa.xcconfig */ = {isa = PBXFileReference; fileEncoding = 4; lastKnownFileType = text.xcconfig; name = wxcocoa.xcconfig; path = wxWidgets/build/osx/wxcocoa.xcconfig; sourceTree = SOURCE_ROOT; };
		AA1D0FCB222A0A4B00678304 /* wxdebug.xcconfig */ = {isa = PBXFileReference; fileEncoding = 4; lastKnownFileType = text.xcconfig; name = wxdebug.xcconfig; path = wxWidgets/build/osx/wxdebug.xcconfig; sourceTree = SOURCE_ROOT; };
		AA56E96F2321F67C002BB5E1 /* globals.cpp */ = {isa = PBXFileReference; lastKnownFileType = sourcecode.cpp.cpp; path = globals.cpp; sourceTree = "<group>"; };
		AA9F4B8F2321BEE900FF2E24 /* interface_derived.cpp */ = {isa = PBXFileReference; lastKnownFileType = sourcecode.cpp.cpp; path = interface_derived.cpp; sourceTree = "<group>"; };
		AA9F4B902321BEE900FF2E24 /* interface_derived.hpp */ = {isa = PBXFileReference; lastKnownFileType = sourcecode.cpp.h; path = interface_derived.hpp; sourceTree = "<group>"; };
		AAA0F59A23667BCA00B8E4A7 /* open_with_dlg.cpp */ = {isa = PBXFileReference; lastKnownFileType = sourcecode.cpp.cpp; path = open_with_dlg.cpp; sourceTree = "<group>"; };
		AAB4B99E23233EB5007D21F9 /* create_dialog_derived.cpp */ = {isa = PBXFileReference; lastKnownFileType = sourcecode.cpp.cpp; path = create_dialog_derived.cpp; sourceTree = "<group>"; };
		AAD015CD222B2FE300E25CB7 /* Unity Hub Native.app */ = {isa = PBXFileReference; explicitFileType = wrapper.application; includeInIndex = 0; path = "Unity Hub Native.app"; sourceTree = BUILT_PRODUCTS_DIR; };
		AADF6A0B222B359700991DD2 /* CoreFoundation.framework */ = {isa = PBXFileReference; lastKnownFileType = wrapper.framework; name = CoreFoundation.framework; path = System/Library/Frameworks/CoreFoundation.framework; sourceTree = SDKROOT; };
		AADF6A26222B35B300991DD2 /* CoreGraphics.framework */ = {isa = PBXFileReference; lastKnownFileType = wrapper.framework; name = CoreGraphics.framework; path = System/Library/Frameworks/CoreGraphics.framework; sourceTree = SDKROOT; };
		AADF6A28222B35DA00991DD2 /* ImageIO.framework */ = {isa = PBXFileReference; lastKnownFileType = wrapper.framework; name = ImageIO.framework; path = System/Library/Frameworks/ImageIO.framework; sourceTree = SDKROOT; };
		AADF6A2A222B35E200991DD2 /* CoreText.framework */ = {isa = PBXFileReference; lastKnownFileType = wrapper.framework; name = CoreText.framework; path = System/Library/Frameworks/CoreText.framework; sourceTree = SDKROOT; };
		AADF6A2C222B35E800991DD2 /* Carbon.framework */ = {isa = PBXFileReference; lastKnownFileType = wrapper.framework; name = Carbon.framework; path = System/Library/Frameworks/Carbon.framework; sourceTree = SDKROOT; };
		AADF6A2E222B360200991DD2 /* IOKit.framework */ = {isa = PBXFileReference; lastKnownFileType = wrapper.framework; name = IOKit.framework; path = System/Library/Frameworks/IOKit.framework; sourceTree = SDKROOT; };
		AADF6A30222B360700991DD2 /* AppKit.framework */ = {isa = PBXFileReference; lastKnownFileType = wrapper.framework; name = AppKit.framework; path = System/Library/Frameworks/AppKit.framework; sourceTree = SDKROOT; };
		AADF6A32222B360C00991DD2 /* Foundation.framework */ = {isa = PBXFileReference; lastKnownFileType = wrapper.framework; name = Foundation.framework; path = System/Library/Frameworks/Foundation.framework; sourceTree = SDKROOT; };
		AAF9D87A222B14E900437548 /* Info_cocoa.plist */ = {isa = PBXFileReference; fileEncoding = 4; lastKnownFileType = text.plist.xml; name = Info_cocoa.plist; path = source/Info_cocoa.plist; sourceTree = SOURCE_ROOT; };
		AAF9D87B222B14E900437548 /* main.cpp */ = {isa = PBXFileReference; fileEncoding = 4; lastKnownFileType = sourcecode.cpp.cpp; name = main.cpp; path = source/main.cpp; sourceTree = SOURCE_ROOT; };
/* End PBXFileReference section */

/* Begin PBXFrameworksBuildPhase section */
		AA1D0F4B222A09A600678304 /* Frameworks */ = {
			isa = PBXFrameworksBuildPhase;
			buildActionMask = 2147483647;
			files = (
				AA14A0F3222A1219002C4553 /* libwx_osx_cocoa.dylib in Frameworks */,
			);
			runOnlyForDeploymentPostprocessing = 0;
		};
		AAD015C1222B2FE300E25CB7 /* Frameworks */ = {
			isa = PBXFrameworksBuildPhase;
			buildActionMask = 2147483647;
			files = (
				AADF6A33222B360C00991DD2 /* Foundation.framework in Frameworks */,
				AADF6A31222B360700991DD2 /* AppKit.framework in Frameworks */,
				AADF6A2F222B360200991DD2 /* IOKit.framework in Frameworks */,
				AADF6A2D222B35E800991DD2 /* Carbon.framework in Frameworks */,
				AADF6A2B222B35E200991DD2 /* CoreText.framework in Frameworks */,
				AADF6A29222B35DA00991DD2 /* ImageIO.framework in Frameworks */,
				AADF6A27222B35B300991DD2 /* CoreGraphics.framework in Frameworks */,
				AADF6A25222B359700991DD2 /* CoreFoundation.framework in Frameworks */,
				AAD015CF222B328200E25CB7 /* libwx_osx_cocoa_static.a in Frameworks */,
			);
			runOnlyForDeploymentPostprocessing = 0;
		};
/* End PBXFrameworksBuildPhase section */

/* Begin PBXGroup section */
		AA14A0F2222A1219002C4553 /* Frameworks */ = {
			isa = PBXGroup;
			children = (
				AADF6A32222B360C00991DD2 /* Foundation.framework */,
				AADF6A30222B360700991DD2 /* AppKit.framework */,
				AADF6A2E222B360200991DD2 /* IOKit.framework */,
				AADF6A2C222B35E800991DD2 /* Carbon.framework */,
				AADF6A2A222B35E200991DD2 /* CoreText.framework */,
				AADF6A28222B35DA00991DD2 /* ImageIO.framework */,
				AADF6A26222B35B300991DD2 /* CoreGraphics.framework */,
				AADF6A0B222B359700991DD2 /* CoreFoundation.framework */,
			);
			name = Frameworks;
			sourceTree = "<group>";
		};
		AA1D0F45222A09A600678304 = {
			isa = PBXGroup;
			children = (
				AA1D0F50222A09A600678304 /* source */,
				AA1D0F4F222A09A600678304 /* Products */,
				AA14A0F2222A1219002C4553 /* Frameworks */,
			);
			sourceTree = "<group>";
			usesTabs = 1;
		};
		AA1D0F4F222A09A600678304 /* Products */ = {
			isa = PBXGroup;
			children = (
				AA1D0F4E222A09A600678304 /* Unity Hub Native (Dynamic).app */,
				AAD015CD222B2FE300E25CB7 /* Unity Hub Native.app */,
			);
			name = Products;
			sourceTree = "<group>";
		};
		AA1D0F50222A09A600678304 /* source */ = {
			isa = PBXGroup;
			children = (
				AA012113224C24D4000F4F82 /* wxmac.icns */,
				AAF9D87A222B14E900437548 /* Info_cocoa.plist */,
				AAF9D87B222B14E900437548 /* main.cpp */,
				AA56E96F2321F67C002BB5E1 /* globals.cpp */,
				AA9F4B8F2321BEE900FF2E24 /* interface_derived.cpp */,
				AA9F4B902321BEE900FF2E24 /* interface_derived.hpp */,
				AAA0F59A23667BCA00B8E4A7 /* open_with_dlg.cpp */,
				AAB4B99E23233EB5007D21F9 /* create_dialog_derived.cpp */,
				41B5AAEC22DB8BB300347CC8 /* interface.cpp */,
				41B5AAED22DB8BB400347CC8 /* interface.h */,
				AA1D0FCA222A0A4B00678304 /* wxcocoa.xcconfig */,
				AA1D0FCB222A0A4B00678304 /* wxdebug.xcconfig */,
				AA1D0FC9222A0A4A00678304 /* wxrelease.xcconfig */,
				AA1D0F63222A0A1D00678304 /* wxcocoa.xcodeproj */,
			);
			path = source;
			sourceTree = "<group>";
		};
		AA1D0F64222A0A1D00678304 /* Products */ = {
			isa = PBXGroup;
			children = (
				AA1D0F81222A0A1D00678304 /* libwx_osx_cocoa.dylib */,
				AA1D0F83222A0A1D00678304 /* libwx_osx_cocoa_static.a */,
				AA1D0F85222A0A1D00678304 /* libwx_osx_cocoau_adv.dylib */,
				AA1D0F87222A0A1D00678304 /* libwx_osx_cocoau_aui.dylib */,
				AA1D0F89222A0A1D00678304 /* libwx_baseu.dylib */,
				AA1D0F8B222A0A1D00678304 /* libwx_osx_cocoau_core.dylib */,
				AA1D0F8D222A0A1D00678304 /* libwx_osx_cocoau_gl.dylib */,
				AA1D0F8F222A0A1D00678304 /* libwx_osx_cocoau_html.dylib */,
				AA1D0F91222A0A1D00678304 /* libwx_osx_cocoau_media.dylib */,
				AA1D0F93222A0A1D00678304 /* libwx_baseu_net.dylib */,
				AA1D0F95222A0A1D00678304 /* libwx_osx_cocoau_propgrid.dylib */,
				AA1D0F97222A0A1D00678304 /* libwx_osx_cocoau_qa.dylib */,
				AA1D0F99222A0A1D00678304 /* libwx_osx_cocoau_ribbon.dylib */,
				AA1D0F9B222A0A1D00678304 /* libwx_osx_cocoau_richtext.dylib */,
				AA1D0F9D222A0A1D00678304 /* libwx_osx_cocoau_stc.dylib */,
				AA1D0F9F222A0A1D00678304 /* libwx_osx_cocoa_webview.dylib */,
				AA1D0FA1222A0A1D00678304 /* libwxexpat.a */,
				AA1D0FA3222A0A1D00678304 /* libwxjpeg.a */,
				AA1D0FA5222A0A1D00678304 /* libwxpng.a */,
				AA1D0FA7222A0A1D00678304 /* libwxregex.a */,
				AA1D0FA9222A0A1D00678304 /* libwxscintilla..a */,
				AA1D0FAB222A0A1D00678304 /* libwxtiff.a */,
				AA1D0FAD222A0A1D00678304 /* libwxzlib.a */,
				AA1D0FAF222A0A1D00678304 /* libwx_baseu_xml.dylib */,
				AA1D0FB1222A0A1D00678304 /* libwx_osx_cocoau_xrc.dylib */,
			);
			name = Products;
			sourceTree = "<group>";
		};
/* End PBXGroup section */

/* Begin PBXNativeTarget section */
		AA1D0F4D222A09A600678304 /* Unity Hub Native (Dynamic) */ = {
			isa = PBXNativeTarget;
			buildConfigurationList = AA1D0F5F222A09A800678304 /* Build configuration list for PBXNativeTarget "Unity Hub Native (Dynamic)" */;
			buildPhases = (
				AA1D0F4A222A09A600678304 /* Sources */,
				AA1D0F4B222A09A600678304 /* Frameworks */,
				AA1D0F4C222A09A600678304 /* Resources */,
				AA14A0F1222A1217002C4553 /* Embed Libraries */,
			);
			buildRules = (
			);
			dependencies = (
				AA14A0F0222A1217002C4553 /* PBXTargetDependency */,
			);
			name = "Unity Hub Native (Dynamic)";
			productName = wxTest;
			productReference = AA1D0F4E222A09A600678304 /* Unity Hub Native (Dynamic).app */;
			productType = "com.apple.product-type.application";
		};
		AAD015BC222B2FE300E25CB7 /* Unity Hub Native */ = {
			isa = PBXNativeTarget;
			buildConfigurationList = AAD015CA222B2FE300E25CB7 /* Build configuration list for PBXNativeTarget "Unity Hub Native" */;
			buildPhases = (
				AAD015BF222B2FE300E25CB7 /* Sources */,
				AAD015C1222B2FE300E25CB7 /* Frameworks */,
				AAD015C3222B2FE300E25CB7 /* Resources */,
			);
			buildRules = (
			);
			dependencies = (
			);
			name = "Unity Hub Native";
			productName = wxTest;
			productReference = AAD015CD222B2FE300E25CB7 /* Unity Hub Native.app */;
			productType = "com.apple.product-type.application";
		};
/* End PBXNativeTarget section */

/* Begin PBXProject section */
		AA1D0F46222A09A600678304 /* Project object */ = {
			isa = PBXProject;
			attributes = {
				LastUpgradeCheck = 1100;
				ORGANIZATIONNAME = Ravbug;
				TargetAttributes = {
					AA1D0F4D222A09A600678304 = {
						CreatedOnToolsVersion = 10.1;
					};
				};
			};
			buildConfigurationList = AA1D0F49222A09A600678304 /* Build configuration list for PBXProject "mac" */;
			compatibilityVersion = "Xcode 9.3";
			developmentRegion = en;
			hasScannedForEncodings = 0;
			knownRegions = (
				en,
				Base,
			);
			mainGroup = AA1D0F45222A09A600678304;
			productRefGroup = AA1D0F4F222A09A600678304 /* Products */;
			projectDirPath = "";
			projectReferences = (
				{
					ProductGroup = AA1D0F64222A0A1D00678304 /* Products */;
					ProjectRef = AA1D0F63222A0A1D00678304 /* wxcocoa.xcodeproj */;
				},
			);
			projectRoot = "";
			targets = (
				AA1D0F4D222A09A600678304 /* Unity Hub Native (Dynamic) */,
				AAD015BC222B2FE300E25CB7 /* Unity Hub Native */,
			);
		};
/* End PBXProject section */

/* Begin PBXReferenceProxy section */
		AA1D0F81222A0A1D00678304 /* libwx_osx_cocoa.dylib */ = {
			isa = PBXReferenceProxy;
			fileType = "compiled.mach-o.dylib";
			path = libwx_osx_cocoa.dylib;
			remoteRef = AA1D0F80222A0A1D00678304 /* PBXContainerItemProxy */;
			sourceTree = BUILT_PRODUCTS_DIR;
		};
		AA1D0F83222A0A1D00678304 /* libwx_osx_cocoa_static.a */ = {
			isa = PBXReferenceProxy;
			fileType = archive.ar;
			path = libwx_osx_cocoa_static.a;
			remoteRef = AA1D0F82222A0A1D00678304 /* PBXContainerItemProxy */;
			sourceTree = BUILT_PRODUCTS_DIR;
		};
		AA1D0F85222A0A1D00678304 /* libwx_osx_cocoau_adv.dylib */ = {
			isa = PBXReferenceProxy;
			fileType = "compiled.mach-o.dylib";
			path = libwx_osx_cocoau_adv.dylib;
			remoteRef = AA1D0F84222A0A1D00678304 /* PBXContainerItemProxy */;
			sourceTree = BUILT_PRODUCTS_DIR;
		};
		AA1D0F87222A0A1D00678304 /* libwx_osx_cocoau_aui.dylib */ = {
			isa = PBXReferenceProxy;
			fileType = "compiled.mach-o.dylib";
			path = libwx_osx_cocoau_aui.dylib;
			remoteRef = AA1D0F86222A0A1D00678304 /* PBXContainerItemProxy */;
			sourceTree = BUILT_PRODUCTS_DIR;
		};
		AA1D0F89222A0A1D00678304 /* libwx_baseu.dylib */ = {
			isa = PBXReferenceProxy;
			fileType = "compiled.mach-o.dylib";
			path = libwx_baseu.dylib;
			remoteRef = AA1D0F88222A0A1D00678304 /* PBXContainerItemProxy */;
			sourceTree = BUILT_PRODUCTS_DIR;
		};
		AA1D0F8B222A0A1D00678304 /* libwx_osx_cocoau_core.dylib */ = {
			isa = PBXReferenceProxy;
			fileType = "compiled.mach-o.dylib";
			path = libwx_osx_cocoau_core.dylib;
			remoteRef = AA1D0F8A222A0A1D00678304 /* PBXContainerItemProxy */;
			sourceTree = BUILT_PRODUCTS_DIR;
		};
		AA1D0F8D222A0A1D00678304 /* libwx_osx_cocoau_gl.dylib */ = {
			isa = PBXReferenceProxy;
			fileType = "compiled.mach-o.dylib";
			path = libwx_osx_cocoau_gl.dylib;
			remoteRef = AA1D0F8C222A0A1D00678304 /* PBXContainerItemProxy */;
			sourceTree = BUILT_PRODUCTS_DIR;
		};
		AA1D0F8F222A0A1D00678304 /* libwx_osx_cocoau_html.dylib */ = {
			isa = PBXReferenceProxy;
			fileType = "compiled.mach-o.dylib";
			path = libwx_osx_cocoau_html.dylib;
			remoteRef = AA1D0F8E222A0A1D00678304 /* PBXContainerItemProxy */;
			sourceTree = BUILT_PRODUCTS_DIR;
		};
		AA1D0F91222A0A1D00678304 /* libwx_osx_cocoau_media.dylib */ = {
			isa = PBXReferenceProxy;
			fileType = "compiled.mach-o.dylib";
			path = libwx_osx_cocoau_media.dylib;
			remoteRef = AA1D0F90222A0A1D00678304 /* PBXContainerItemProxy */;
			sourceTree = BUILT_PRODUCTS_DIR;
		};
		AA1D0F93222A0A1D00678304 /* libwx_baseu_net.dylib */ = {
			isa = PBXReferenceProxy;
			fileType = "compiled.mach-o.dylib";
			path = libwx_baseu_net.dylib;
			remoteRef = AA1D0F92222A0A1D00678304 /* PBXContainerItemProxy */;
			sourceTree = BUILT_PRODUCTS_DIR;
		};
		AA1D0F95222A0A1D00678304 /* libwx_osx_cocoau_propgrid.dylib */ = {
			isa = PBXReferenceProxy;
			fileType = "compiled.mach-o.dylib";
			path = libwx_osx_cocoau_propgrid.dylib;
			remoteRef = AA1D0F94222A0A1D00678304 /* PBXContainerItemProxy */;
			sourceTree = BUILT_PRODUCTS_DIR;
		};
		AA1D0F97222A0A1D00678304 /* libwx_osx_cocoau_qa.dylib */ = {
			isa = PBXReferenceProxy;
			fileType = "compiled.mach-o.dylib";
			path = libwx_osx_cocoau_qa.dylib;
			remoteRef = AA1D0F96222A0A1D00678304 /* PBXContainerItemProxy */;
			sourceTree = BUILT_PRODUCTS_DIR;
		};
		AA1D0F99222A0A1D00678304 /* libwx_osx_cocoau_ribbon.dylib */ = {
			isa = PBXReferenceProxy;
			fileType = "compiled.mach-o.dylib";
			path = libwx_osx_cocoau_ribbon.dylib;
			remoteRef = AA1D0F98222A0A1D00678304 /* PBXContainerItemProxy */;
			sourceTree = BUILT_PRODUCTS_DIR;
		};
		AA1D0F9B222A0A1D00678304 /* libwx_osx_cocoau_richtext.dylib */ = {
			isa = PBXReferenceProxy;
			fileType = "compiled.mach-o.dylib";
			path = libwx_osx_cocoau_richtext.dylib;
			remoteRef = AA1D0F9A222A0A1D00678304 /* PBXContainerItemProxy */;
			sourceTree = BUILT_PRODUCTS_DIR;
		};
		AA1D0F9D222A0A1D00678304 /* libwx_osx_cocoau_stc.dylib */ = {
			isa = PBXReferenceProxy;
			fileType = "compiled.mach-o.dylib";
			path = libwx_osx_cocoau_stc.dylib;
			remoteRef = AA1D0F9C222A0A1D00678304 /* PBXContainerItemProxy */;
			sourceTree = BUILT_PRODUCTS_DIR;
		};
		AA1D0F9F222A0A1D00678304 /* libwx_osx_cocoa_webview.dylib */ = {
			isa = PBXReferenceProxy;
			fileType = "compiled.mach-o.dylib";
			path = libwx_osx_cocoa_webview.dylib;
			remoteRef = AA1D0F9E222A0A1D00678304 /* PBXContainerItemProxy */;
			sourceTree = BUILT_PRODUCTS_DIR;
		};
		AA1D0FA1222A0A1D00678304 /* libwxexpat.a */ = {
			isa = PBXReferenceProxy;
			fileType = archive.ar;
			path = libwxexpat.a;
			remoteRef = AA1D0FA0222A0A1D00678304 /* PBXContainerItemProxy */;
			sourceTree = BUILT_PRODUCTS_DIR;
		};
		AA1D0FA3222A0A1D00678304 /* libwxjpeg.a */ = {
			isa = PBXReferenceProxy;
			fileType = archive.ar;
			path = libwxjpeg.a;
			remoteRef = AA1D0FA2222A0A1D00678304 /* PBXContainerItemProxy */;
			sourceTree = BUILT_PRODUCTS_DIR;
		};
		AA1D0FA5222A0A1D00678304 /* libwxpng.a */ = {
			isa = PBXReferenceProxy;
			fileType = archive.ar;
			path = libwxpng.a;
			remoteRef = AA1D0FA4222A0A1D00678304 /* PBXContainerItemProxy */;
			sourceTree = BUILT_PRODUCTS_DIR;
		};
		AA1D0FA7222A0A1D00678304 /* libwxregex.a */ = {
			isa = PBXReferenceProxy;
			fileType = archive.ar;
			path = libwxregex.a;
			remoteRef = AA1D0FA6222A0A1D00678304 /* PBXContainerItemProxy */;
			sourceTree = BUILT_PRODUCTS_DIR;
		};
		AA1D0FA9222A0A1D00678304 /* libwxscintilla..a */ = {
			isa = PBXReferenceProxy;
			fileType = archive.ar;
			path = libwxscintilla..a;
			remoteRef = AA1D0FA8222A0A1D00678304 /* PBXContainerItemProxy */;
			sourceTree = BUILT_PRODUCTS_DIR;
		};
		AA1D0FAB222A0A1D00678304 /* libwxtiff.a */ = {
			isa = PBXReferenceProxy;
			fileType = archive.ar;
			path = libwxtiff.a;
			remoteRef = AA1D0FAA222A0A1D00678304 /* PBXContainerItemProxy */;
			sourceTree = BUILT_PRODUCTS_DIR;
		};
		AA1D0FAD222A0A1D00678304 /* libwxzlib.a */ = {
			isa = PBXReferenceProxy;
			fileType = archive.ar;
			path = libwxzlib.a;
			remoteRef = AA1D0FAC222A0A1D00678304 /* PBXContainerItemProxy */;
			sourceTree = BUILT_PRODUCTS_DIR;
		};
		AA1D0FAF222A0A1D00678304 /* libwx_baseu_xml.dylib */ = {
			isa = PBXReferenceProxy;
			fileType = "compiled.mach-o.dylib";
			path = libwx_baseu_xml.dylib;
			remoteRef = AA1D0FAE222A0A1D00678304 /* PBXContainerItemProxy */;
			sourceTree = BUILT_PRODUCTS_DIR;
		};
		AA1D0FB1222A0A1D00678304 /* libwx_osx_cocoau_xrc.dylib */ = {
			isa = PBXReferenceProxy;
			fileType = "compiled.mach-o.dylib";
			path = libwx_osx_cocoau_xrc.dylib;
			remoteRef = AA1D0FB0222A0A1D00678304 /* PBXContainerItemProxy */;
			sourceTree = BUILT_PRODUCTS_DIR;
		};
/* End PBXReferenceProxy section */

/* Begin PBXResourcesBuildPhase section */
		AA1D0F4C222A09A600678304 /* Resources */ = {
			isa = PBXResourcesBuildPhase;
			buildActionMask = 2147483647;
			files = (
				AA012114224C24D4000F4F82 /* wxmac.icns in Resources */,
			);
			runOnlyForDeploymentPostprocessing = 0;
		};
		AAD015C3222B2FE300E25CB7 /* Resources */ = {
			isa = PBXResourcesBuildPhase;
			buildActionMask = 2147483647;
			files = (
				AA012115224C24D4000F4F82 /* wxmac.icns in Resources */,
			);
			runOnlyForDeploymentPostprocessing = 0;
		};
/* End PBXResourcesBuildPhase section */

/* Begin PBXSourcesBuildPhase section */
		AA1D0F4A222A09A600678304 /* Sources */ = {
			isa = PBXSourcesBuildPhase;
			buildActionMask = 2147483647;
			files = (
				AA56E9702321F67C002BB5E1 /* globals.cpp in Sources */,
				AA9F4B912321BEE900FF2E24 /* interface_derived.cpp in Sources */,
				AAB4B99F23233EB5007D21F9 /* create_dialog_derived.cpp in Sources */,
				AAF9D87D222B14E900437548 /* main.cpp in Sources */,
				41B5AAEE22DB8BB400347CC8 /* interface.cpp in Sources */,
				AAA0F59B23667BCA00B8E4A7 /* open_with_dlg.cpp in Sources */,
			);
			runOnlyForDeploymentPostprocessing = 0;
		};
		AAD015BF222B2FE300E25CB7 /* Sources */ = {
			isa = PBXSourcesBuildPhase;
			buildActionMask = 2147483647;
			files = (
				AA56E98A2321F67E002BB5E1 /* globals.cpp in Sources */,
				AA9F4B922321BEE900FF2E24 /* interface_derived.cpp in Sources */,
				AAB4B9A023233EB5007D21F9 /* create_dialog_derived.cpp in Sources */,
				AAD015C0222B2FE300E25CB7 /* main.cpp in Sources */,
				41B5AAEF22DB8BB400347CC8 /* interface.cpp in Sources */,
				AAA0F59C23667BCA00B8E4A7 /* open_with_dlg.cpp in Sources */,
			);
			runOnlyForDeploymentPostprocessing = 0;
		};
/* End PBXSourcesBuildPhase section */

/* Begin PBXTargetDependency section */
		AA14A0F0222A1217002C4553 /* PBXTargetDependency */ = {
			isa = PBXTargetDependency;
			name = dynamic;
			targetProxy = AA14A0EF222A1217002C4553 /* PBXContainerItemProxy */;
		};
/* End PBXTargetDependency section */

/* Begin XCBuildConfiguration section */
		AA1D0F5D222A09A800678304 /* Debug */ = {
			isa = XCBuildConfiguration;
			buildSettings = {
				ALWAYS_SEARCH_USER_PATHS = NO;
				CLANG_ANALYZER_NONNULL = YES;
				CLANG_ANALYZER_NUMBER_OBJECT_CONVERSION = YES_AGGRESSIVE;
				CLANG_CXX_LANGUAGE_STANDARD = "gnu++17";
				CLANG_CXX_LIBRARY = "libc++";
				CLANG_ENABLE_MODULES = YES;
				CLANG_ENABLE_OBJC_ARC = YES;
				CLANG_ENABLE_OBJC_WEAK = YES;
				CLANG_WARN_BLOCK_CAPTURE_AUTORELEASING = YES;
				CLANG_WARN_BOOL_CONVERSION = YES;
				CLANG_WARN_COMMA = YES;
				CLANG_WARN_CONSTANT_CONVERSION = YES;
				CLANG_WARN_DEPRECATED_OBJC_IMPLEMENTATIONS = YES;
				CLANG_WARN_DIRECT_OBJC_ISA_USAGE = YES_ERROR;
				CLANG_WARN_DOCUMENTATION_COMMENTS = YES;
				CLANG_WARN_EMPTY_BODY = YES;
				CLANG_WARN_ENUM_CONVERSION = YES;
				CLANG_WARN_INFINITE_RECURSION = YES;
				CLANG_WARN_INT_CONVERSION = YES;
				CLANG_WARN_NON_LITERAL_NULL_CONVERSION = YES;
				CLANG_WARN_OBJC_IMPLICIT_RETAIN_SELF = YES;
				CLANG_WARN_OBJC_LITERAL_CONVERSION = YES;
				CLANG_WARN_OBJC_ROOT_CLASS = YES_ERROR;
				CLANG_WARN_RANGE_LOOP_ANALYSIS = YES;
				CLANG_WARN_STRICT_PROTOTYPES = YES;
				CLANG_WARN_SUSPICIOUS_MOVE = YES;
				CLANG_WARN_UNGUARDED_AVAILABILITY = YES_AGGRESSIVE;
				CLANG_WARN_UNREACHABLE_CODE = YES;
				CLANG_WARN__DUPLICATE_METHOD_MATCH = YES;
				CODE_SIGN_IDENTITY = "-";
				COPY_PHASE_STRIP = NO;
				DEBUG_INFORMATION_FORMAT = dwarf;
				ENABLE_STRICT_OBJC_MSGSEND = YES;
				ENABLE_TESTABILITY = YES;
				GCC_C_LANGUAGE_STANDARD = "compiler-default";
				GCC_DYNAMIC_NO_PIC = NO;
				GCC_NO_COMMON_BLOCKS = YES;
				GCC_OPTIMIZATION_LEVEL = 0;
				GCC_PREFIX_HEADER = "$(WXROOT)/include/wx/wxprec.h";
				GCC_PREPROCESSOR_DEFINITIONS = (
					"DEBUG=1",
					"$(WX_PREPROCESSOR_DEFINITIONS)",
					"$(inherited)",
				);
				GCC_WARN_64_TO_32_BIT_CONVERSION = YES;
				GCC_WARN_ABOUT_RETURN_TYPE = YES_ERROR;
				GCC_WARN_UNDECLARED_SELECTOR = YES;
				GCC_WARN_UNINITIALIZED_AUTOS = YES_AGGRESSIVE;
				GCC_WARN_UNUSED_FUNCTION = YES;
				GCC_WARN_UNUSED_VARIABLE = YES;
				HEADER_SEARCH_PATHS = (
					"\"$(WXROOT)/src/tiff/libtiff\"",
					"\"$(WXROOT)/src/regex\"",
					"\"$(WXROOT)/build/osx/setup/$(WXTOOLKIT)/include\"",
					"\"$(WXROOT)/include\"",
				);
				MACOSX_DEPLOYMENT_TARGET = 10.14;
				MTL_ENABLE_DEBUG_INFO = INCLUDE_SOURCE;
				MTL_FAST_MATH = YES;
				ONLY_ACTIVE_ARCH = YES;
				SDKROOT = macosx;
				WXPLATFORM = __WXOSX_COCOA__;
				WXROOT = "$(PROJECT_DIR)/wxWidgets";
				WXTOOLKIT = cocoa;
				WX_PREPROCESSOR_DEFINITIONS = "WXBUILDING $(WXPLATFORM) __WX__ _FILE_OFFSET_BITS=64 _LARGE_FILES MACOS_CLASSIC __WXMAC_XCODE__=1 SCI_LEXER NO_CXX11_REGEX WX_PRECOMP=1 wxUSE_UNICODE_UTF8=0 wxUSE_UNICODE_WCHAR=1";
			};
			name = Debug;
		};
		AA1D0F5E222A09A800678304 /* Release */ = {
			isa = XCBuildConfiguration;
			buildSettings = {
				ALWAYS_SEARCH_USER_PATHS = NO;
				CLANG_ANALYZER_NONNULL = YES;
				CLANG_ANALYZER_NUMBER_OBJECT_CONVERSION = YES_AGGRESSIVE;
				CLANG_CXX_LANGUAGE_STANDARD = "gnu++17";
				CLANG_CXX_LIBRARY = "libc++";
				CLANG_ENABLE_MODULES = YES;
				CLANG_ENABLE_OBJC_ARC = YES;
				CLANG_ENABLE_OBJC_WEAK = YES;
				CLANG_WARN_BLOCK_CAPTURE_AUTORELEASING = YES;
				CLANG_WARN_BOOL_CONVERSION = YES;
				CLANG_WARN_COMMA = YES;
				CLANG_WARN_CONSTANT_CONVERSION = YES;
				CLANG_WARN_DEPRECATED_OBJC_IMPLEMENTATIONS = YES;
				CLANG_WARN_DIRECT_OBJC_ISA_USAGE = YES_ERROR;
				CLANG_WARN_DOCUMENTATION_COMMENTS = YES;
				CLANG_WARN_EMPTY_BODY = YES;
				CLANG_WARN_ENUM_CONVERSION = YES;
				CLANG_WARN_INFINITE_RECURSION = YES;
				CLANG_WARN_INT_CONVERSION = YES;
				CLANG_WARN_NON_LITERAL_NULL_CONVERSION = YES;
				CLANG_WARN_OBJC_IMPLICIT_RETAIN_SELF = YES;
				CLANG_WARN_OBJC_LITERAL_CONVERSION = YES;
				CLANG_WARN_OBJC_ROOT_CLASS = YES_ERROR;
				CLANG_WARN_RANGE_LOOP_ANALYSIS = YES;
				CLANG_WARN_STRICT_PROTOTYPES = YES;
				CLANG_WARN_SUSPICIOUS_MOVE = YES;
				CLANG_WARN_UNGUARDED_AVAILABILITY = YES_AGGRESSIVE;
				CLANG_WARN_UNREACHABLE_CODE = YES;
				CLANG_WARN__DUPLICATE_METHOD_MATCH = YES;
				CODE_SIGN_IDENTITY = "-";
				COPY_PHASE_STRIP = NO;
				DEBUG_INFORMATION_FORMAT = "dwarf-with-dsym";
				ENABLE_NS_ASSERTIONS = NO;
				ENABLE_STRICT_OBJC_MSGSEND = YES;
				GCC_C_LANGUAGE_STANDARD = "compiler-default";
				GCC_NO_COMMON_BLOCKS = YES;
				GCC_PREFIX_HEADER = "$(WXROOT)/include/wx/wxprec.h";
				GCC_PREPROCESSOR_DEFINITIONS = "$(WX_PREPROCESSOR_DEFINITIONS)";
				GCC_WARN_64_TO_32_BIT_CONVERSION = YES;
				GCC_WARN_ABOUT_RETURN_TYPE = YES_ERROR;
				GCC_WARN_UNDECLARED_SELECTOR = YES;
				GCC_WARN_UNINITIALIZED_AUTOS = YES_AGGRESSIVE;
				GCC_WARN_UNUSED_FUNCTION = YES;
				GCC_WARN_UNUSED_VARIABLE = YES;
				HEADER_SEARCH_PATHS = (
					"\"$(WXROOT)/src/tiff/libtiff\"",
					"\"$(WXROOT)/src/regex\"",
					"\"$(WXROOT)/build/osx/setup/$(WXTOOLKIT)/include\"",
					"\"$(WXROOT)/include\"",
				);
				MACOSX_DEPLOYMENT_TARGET = 10.14;
				MTL_ENABLE_DEBUG_INFO = NO;
				MTL_FAST_MATH = YES;
				SDKROOT = macosx;
				WXPLATFORM = __WXOSX_COCOA__;
				WXROOT = "$(PROJECT_DIR)/wxWidgets";
				WXTOOLKIT = cocoa;
				WX_PREPROCESSOR_DEFINITIONS = "WXBUILDING $(WXPLATFORM) __WX__ _FILE_OFFSET_BITS=64 _LARGE_FILES MACOS_CLASSIC __WXMAC_XCODE__=1 SCI_LEXER NO_CXX11_REGEX WX_PRECOMP=1 wxUSE_UNICODE_UTF8=0 wxUSE_UNICODE_WCHAR=1";
			};
			name = Release;
		};
		AA1D0F60222A09A800678304 /* Debug */ = {
			isa = XCBuildConfiguration;
			buildSettings = {
				CODE_SIGN_IDENTITY = "-";
				CODE_SIGN_STYLE = Automatic;
				COMBINE_HIDPI_IMAGES = YES;
				INFOPLIST_FILE = "$(SRCROOT)/source/Info_cocoa.plist";
				LD_RUNPATH_SEARCH_PATHS = (
					"$(inherited)",
					"@executable_path/../Frameworks",
				);
				OTHER_LDFLAGS = "$(OTHER_LDFLAGS)";
				PRODUCT_BUNDLE_IDENTIFIER = com.ravbug.UnityHubNativeDynamic;
				PRODUCT_NAME = "$(TARGET_NAME)";
			};
			name = Debug;
		};
		AA1D0F61222A09A800678304 /* Release */ = {
			isa = XCBuildConfiguration;
			buildSettings = {
				CODE_SIGN_IDENTITY = "-";
				CODE_SIGN_STYLE = Automatic;
				COMBINE_HIDPI_IMAGES = YES;
				INFOPLIST_FILE = "$(SRCROOT)/source/Info_cocoa.plist";
				LD_RUNPATH_SEARCH_PATHS = (
					"$(inherited)",
					"@executable_path/../Frameworks",
				);
				OTHER_LDFLAGS = "$(OTHER_LDFLAGS)";
				PRODUCT_BUNDLE_IDENTIFIER = com.ravbug.UnityHubNativeDynamic;
				PRODUCT_NAME = "$(TARGET_NAME)";
			};
			name = Release;
		};
		AAD015CB222B2FE300E25CB7 /* Debug */ = {
			isa = XCBuildConfiguration;
			buildSettings = {
				CODE_SIGN_IDENTITY = "-";
				CODE_SIGN_STYLE = Automatic;
				COMBINE_HIDPI_IMAGES = YES;
				HEADER_SEARCH_PATHS = (
					"\"$(WXROOT)/include\"",
					"\"$(WXROOT)/build/osx/setup/$(WXTOOLKIT)/include\"",
					"\"$(WXROOT)/src/tiff/libtiff\"",
					"\"$(WXROOT)/src/regex\"",
					"\"$(WXROOT)/src/stc/scintilla/lexlib\"",
					"\"$(WXROOT)/src/stc/scintilla/include\"",
					"\"$(WXROOT)/src/stc/scintilla/src\"",
					"\"$(WXROOT)/src/expat/expat/lib\"",
					"\"$(WXROOT)/src/png\"",
					"\"$(WXROOT)/src/jpeg\"",
					"\"$(WXROOT)/src/zlib\"",
				);
				INFOPLIST_FILE = "$(SRCROOT)/source/Info_cocoa.plist";
				LD_RUNPATH_SEARCH_PATHS = (
					"$(inherited)",
					"@executable_path/../Frameworks",
				);
				OTHER_LDFLAGS = "$(OTHER_LDFLAGS)";
				PRODUCT_BUNDLE_IDENTIFIER = com.ravbug.UnityHubNative;
				PRODUCT_NAME = "$(TARGET_NAME)";
			};
			name = Debug;
		};
		AAD015CC222B2FE300E25CB7 /* Release */ = {
			isa = XCBuildConfiguration;
			buildSettings = {
				CODE_SIGN_IDENTITY = "-";
				CODE_SIGN_STYLE = Automatic;
				COMBINE_HIDPI_IMAGES = YES;
				HEADER_SEARCH_PATHS = (
					"\"$(WXROOT)/include\"",
					"\"$(WXROOT)/build/osx/setup/$(WXTOOLKIT)/include\"",
					"\"$(WXROOT)/src/tiff/libtiff\"",
					"\"$(WXROOT)/src/regex\"",
					"\"$(WXROOT)/src/stc/scintilla/lexlib\"",
					"\"$(WXROOT)/src/stc/scintilla/include\"",
					"\"$(WXROOT)/src/stc/scintilla/src\"",
					"\"$(WXROOT)/src/expat/expat/lib\"",
					"\"$(WXROOT)/src/png\"",
					"\"$(WXROOT)/src/jpeg\"",
					"\"$(WXROOT)/src/zlib\"",
				);
				INFOPLIST_FILE = "$(SRCROOT)/source/Info_cocoa.plist";
				LD_RUNPATH_SEARCH_PATHS = (
					"$(inherited)",
					"@executable_path/../Frameworks",
				);
				OTHER_LDFLAGS = "$(OTHER_LDFLAGS)";
				PRODUCT_BUNDLE_IDENTIFIER = com.ravbug.UnityHubNative;
				PRODUCT_NAME = "$(TARGET_NAME)";
			};
			name = Release;
		};
/* End XCBuildConfiguration section */

/* Begin XCConfigurationList section */
		AA1D0F49222A09A600678304 /* Build configuration list for PBXProject "mac" */ = {
			isa = XCConfigurationList;
			buildConfigurations = (
				AA1D0F5D222A09A800678304 /* Debug */,
				AA1D0F5E222A09A800678304 /* Release */,
			);
			defaultConfigurationIsVisible = 0;
			defaultConfigurationName = Release;
		};
		AA1D0F5F222A09A800678304 /* Build configuration list for PBXNativeTarget "Unity Hub Native (Dynamic)" */ = {
			isa = XCConfigurationList;
			buildConfigurations = (
				AA1D0F60222A09A800678304 /* Debug */,
				AA1D0F61222A09A800678304 /* Release */,
			);
			defaultConfigurationIsVisible = 0;
			defaultConfigurationName = Release;
		};
		AAD015CA222B2FE300E25CB7 /* Build configuration list for PBXNativeTarget "Unity Hub Native" */ = {
			isa = XCConfigurationList;
			buildConfigurations = (
				AAD015CB222B2FE300E25CB7 /* Debug */,
				AAD015CC222B2FE300E25CB7 /* Release */,
			);
			defaultConfigurationIsVisible = 0;
			defaultConfigurationName = Release;
		};
/* End XCConfigurationList section */
	};
	rootObject = AA1D0F46222A09A600678304 /* Project object */;
}
